
Microsoft Visual Studio Solution File, Format Version 12.00
# Visual Studio Version 17
VisualStudioVersion = 17.14.36401.2
MinimumVisualStudioVersion = 10.0.40219.1
Project("{FAE04EC0-301F-11D3-BF4B-00C04F79EFBC}") = "FlashCardsPc", "FlashCardsPc\FlashCardsPc.csproj", "{7CDF5518-B6A6-4CB5-ADF8-4B8E9DE518F6}"
EndProject
Global
	GlobalSection(SolutionConfigurationPlatforms) = preSolution
		Debug|Any CPU = Debug|Any CPU
		Release|Any CPU = Release|Any CPU
	EndGlobalSection
	GlobalSection(ProjectConfigurationPlatforms) = postSolution
		{7CDF5518-B6A6-4CB5-ADF8-4B8E9DE518F6}.Debug|Any CPU.ActiveCfg = Debug|Any CPU
		{7CDF5518-B6A6-4CB5-ADF8-4B8E9DE518F6}.Debug|Any CPU.Build.0 = Debug|Any CPU
		{7CDF5518-B6A6-4CB5-ADF8-4B8E9DE518F6}.Release|Any CPU.ActiveCfg = Release|Any CPU
		{7CDF5518-B6A6-4CB5-ADF8-4B8E9DE518F6}.Release|Any CPU.Build.0 = Release|Any CPU
	EndGlobalSection
	GlobalSection(SolutionProperties) = preSolution
		HideSolutionNode = FALSE
	EndGlobalSection
	GlobalSection(ExtensibilityGlobals) = postSolution
		SolutionGuid = {2838D27A-02DD-4FFF-9A64-9B2E6473F27E}
	EndGlobalSection
EndGlobal
